// !$*UTF8*$!
{
	archiveVersion = 1;
	classes = {
	};
	objectVersion = 46;
	objects = {

/* Begin PBXBuildFile section */
		F40BDD591E67DAB0005DD81F /* AppDelegate.swift in Sources */ = {isa = PBXBuildFile; fileRef = F40BDD581E67DAB0005DD81F /* AppDelegate.swift */; };
		F40BDD5B1E67DAB0005DD81F /* ViewController.swift in Sources */ = {isa = PBXBuildFile; fileRef = F40BDD5A1E67DAB0005DD81F /* ViewController.swift */; };
		F40BDD5E1E67DAB0005DD81F /* Main.storyboard in Resources */ = {isa = PBXBuildFile; fileRef = F40BDD5C1E67DAB0005DD81F /* Main.storyboard */; };
		F40BDD601E67DAB0005DD81F /* Assets.xcassets in Resources */ = {isa = PBXBuildFile; fileRef = F40BDD5F1E67DAB0005DD81F /* Assets.xcassets */; };
		F40BDD631E67DAB0005DD81F /* LaunchScreen.storyboard in Resources */ = {isa = PBXBuildFile; fileRef = F40BDD611E67DAB0005DD81F /* LaunchScreen.storyboard */; };
/* End PBXBuildFile section */

/* Begin PBXFileReference section */
		F40BDD551E67DAB0005DD81F /* MixpanelDemo.app */ = {isa = PBXFileReference; explicitFileType = wrapper.application; includeInIndex = 0; path = MixpanelDemo.app; sourceTree = BUILT_PRODUCTS_DIR; };
		F40BDD581E67DAB0005DD81F /* AppDelegate.swift */ = {isa = PBXFileReference; lastKnownFileType = sourcecode.swift; path = AppDelegate.swift; sourceTree = "<group>"; };
		F40BDD5A1E67DAB0005DD81F /* ViewController.swift */ = {isa = PBXFileReference; lastKnownFileType = sourcecode.swift; path = ViewController.swift; sourceTree = "<group>"; };
		F40BDD5D1E67DAB0005DD81F /* Base */ = {isa = PBXFileReference; lastKnownFileType = file.storyboard; name = Base; path = Base.lproj/Main.storyboard; sourceTree = "<group>"; };
		F40BDD5F1E67DAB0005DD81F /* Assets.xcassets */ = {isa = PBXFileReference; lastKnownFileType = folder.assetcatalog; path = Assets.xcassets; sourceTree = "<group>"; };
		F40BDD621E67DAB0005DD81F /* Base */ = {isa = PBXFileReference; lastKnownFileType = file.storyboard; name = Base; path = Base.lproj/LaunchScreen.storyboard; sourceTree = "<group>"; };
		F40BDD641E67DAB0005DD81F /* Info.plist */ = {isa = PBXFileReference; lastKnownFileType = text.plist.xml; path = Info.plist; sourceTree = "<group>"; };
/* End PBXFileReference section */

/* Begin PBXFrameworksBuildPhase section */
		F40BDD521E67DAB0005DD81F /* Frameworks */ = {
			isa = PBXFrameworksBuildPhase;
			buildActionMask = 2147483647;
			files = (
			);
			runOnlyForDeploymentPostprocessing = 0;
		};
/* End PBXFrameworksBuildPhase section */

/* Begin PBXGroup section */
		F40BDD4C1E67DAAF005DD81F = {
			isa = PBXGroup;
			children = (
				F40BDD571E67DAB0005DD81F /* MixpanelDemo */,
				F40BDD561E67DAB0005DD81F /* Products */,
			);
			sourceTree = "<group>";
		};
		F40BDD561E67DAB0005DD81F /* Products */ = {
			isa = PBXGroup;
			children = (
				F40BDD551E67DAB0005DD81F /* MixpanelDemo.app */,
			);
			name = Products;
			sourceTree = "<group>";
		};
		F40BDD571E67DAB0005DD81F /* MixpanelDemo */ = {
			isa = PBXGroup;
			children = (
				F40BDD581E67DAB0005DD81F /* AppDelegate.swift */,
				F40BDD5A1E67DAB0005DD81F /* ViewController.swift */,
				F40BDD5C1E67DAB0005DD81F /* Main.storyboard */,
				F40BDD5F1E67DAB0005DD81F /* Assets.xcassets */,
				F40BDD611E67DAB0005DD81F /* LaunchScreen.storyboard */,
				F40BDD641E67DAB0005DD81F /* Info.plist */,
			);
			path = MixpanelDemo;
			sourceTree = "<group>";
		};
/* End PBXGroup section */

/* Begin PBXNativeTarget section */
		F40BDD541E67DAB0005DD81F /* MixpanelDemo */ = {
			isa = PBXNativeTarget;
			buildConfigurationList = F40BDD671E67DAB0005DD81F /* Build configuration list for PBXNativeTarget "MixpanelDemo" */;
			buildPhases = (
				F40BDD511E67DAB0005DD81F /* Sources */,
				F40BDD521E67DAB0005DD81F /* Frameworks */,
				F40BDD531E67DAB0005DD81F /* Resources */,
			);
			buildRules = (
			);
			dependencies = (
			);
			name = MixpanelDemo;
			productName = MixpanelDemo;
			productReference = F40BDD551E67DAB0005DD81F /* MixpanelDemo.app */;
			productType = "com.apple.product-type.application";
		};
/* End PBXNativeTarget section */

/* Begin PBXProject section */
		F40BDD4D1E67DAAF005DD81F /* Project object */ = {
			isa = PBXProject;
			attributes = {
				LastSwiftUpdateCheck = 0820;
				LastUpgradeCheck = 0820;
				ORGANIZATIONNAME = AppCoda;
				TargetAttributes = {
					F40BDD541E67DAB0005DD81F = {
						CreatedOnToolsVersion = 8.2.1;
						ProvisioningStyle = Automatic;
					};
				};
			};
			buildConfigurationList = F40BDD501E67DAAF005DD81F /* Build configuration list for PBXProject "MixpanelDemo" */;
			compatibilityVersion = "Xcode 3.2";
			developmentRegion = English;
			hasScannedForEncodings = 0;
			knownRegions = (
				en,
				Base,
			);
			mainGroup = F40BDD4C1E67DAAF005DD81F;
			productRefGroup = F40BDD561E67DAB0005DD81F /* Products */;
			projectDirPath = "";
			projectRoot = "";
			targets = (
				F40BDD541E67DAB0005DD81F /* MixpanelDemo */,
			);
		};
/* End PBXProject section */

/* Begin PBXResourcesBuildPhase section */
		F40BDD531E67DAB0005DD81F /* Resources */ = {
			isa = PBXResourcesBuildPhase;
			buildActionMask = 2147483647;
			files = (
				F40BDD631E67DAB0005DD81F /* LaunchScreen.storyboard in Resources */,
				F40BDD601E67DAB0005DD81F /* Assets.xcassets in Resources */,
				F40BDD5E1E67DAB0005DD81F /* Main.storyboard in Resources */,
			);
			runOnlyForDeploymentPostprocessing = 0;
		};
/* End PBXResourcesBuildPhase section */

/* Begin PBXSourcesBuildPhase section */
		F40BDD511E67DAB0005DD81F /* Sources */ = {
			isa = PBXSourcesBuildPhase;
			buildActionMask = 2147483647;
			files = (
				F40BDD5B1E67DAB0005DD81F /* ViewController.swift in Sources */,
				F40BDD591E67DAB0005DD81F /* AppDelegate.swift in Sources */,
			);
			runOnlyForDeploymentPostprocessing = 0;
		};
/* End PBXSourcesBuildPhase section */

/* Begin PBXVariantGroup section */
		F40BDD5C1E67DAB0005DD81F /* Main.storyboard */ = {
			isa = PBXVariantGroup;
			children = (
				F40BDD5D1E67DAB0005DD81F /* Base */,
			);
			name = Main.storyboard;
			sourceTree = "<group>";
		};
		F40BDD611E67DAB0005DD81F /* LaunchScreen.storyboard */ = {
			isa = PBXVariantGroup;
			children = (
				F40BDD621E67DAB0005DD81F /* Base */,
			);
			name = LaunchScreen.storyboard;
			sourceTree = "<group>";
		};
/* End PBXVariantGroup section */

/* Begin XCBuildConfiguration section */
		F40BDD651E67DAB0005DD81F /* Debug */ = {
			isa = XCBuildConfiguration;
			buildSettings = {
				ALWAYS_SEARCH_USER_PATHS = NO;
				CLANG_ANALYZER_NONNULL = YES;
				CLANG_CXX_LANGUAGE_STANDARD = "gnu++0x";
				CLANG_CXX_LIBRARY = "libc++";
				CLANG_ENABLE_MODULES = YES;
				CLANG_ENABLE_OBJC_ARC = YES;
				CLANG_WARN_BOOL_CONVERSION = YES;
				CLANG_WARN_CONSTANT_CONVERSION = YES;
				CLANG_WARN_DIRECT_OBJC_ISA_USAGE = YES_ERROR;
				CLANG_WARN_DOCUMENTATION_COMMENTS = YES;
				CLANG_WARN_EMPTY_BODY = YES;
				CLANG_WARN_ENUM_CONVERSION = YES;
				CLANG_WARN_INFINITE_RECURSION = YES;
				CLANG_WARN_INT_CONVERSION = YES;
				CLANG_WARN_OBJC_ROOT_CLASS = YES_ERROR;
				CLANG_WARN_SUSPICIOUS_MOVE = YES;
				CLANG_WARN_UNREACHABLE_CODE = YES;
				CLANG_WARN__DUPLICATE_METHOD_MATCH = YES;
				"CODE_SIGN_IDENTITY[sdk=iphoneos*]" = "iPhone Developer";
				COPY_PHASE_STRIP = NO;
				DEBUG_INFORMATION_FORMAT = dwarf;
				ENABLE_STRICT_OBJC_MSGSEND = YES;
				ENABLE_TESTABILITY = YES;
				GCC_C_LANGUAGE_STANDARD = gnu99;
				GCC_DYNAMIC_NO_PIC = NO;
				GCC_NO_COMMON_BLOCKS = YES;
				GCC_OPTIMIZATION_LEVEL = 0;
				GCC_PREPROCESSOR_DEFINITIONS = (
					"DEBUG=1",
					"$(inherited)",
				);
				GCC_WARN_64_TO_32_BIT_CONVERSION = YES;
				GCC_WARN_ABOUT_RETURN_TYPE = YES_ERROR;
				GCC_WARN_UNDECLARED_SELECTOR = YES;
				GCC_WARN_UNINITIALIZED_AUTOS = YES_AGGRESSIVE;
				GCC_WARN_UNUSED_FUNCTION = YES;
				GCC_WARN_UNUSED_VARIABLE = YES;
				IPHONEOS_DEPLOYMENT_TARGET = 10.2;
				MTL_ENABLE_DEBUG_INFO = YES;
				ONLY_ACTIVE_ARCH = YES;
				SDKROOT = iphoneos;
				SWIFT_ACTIVE_COMPILATION_CONDITIONS = DEBUG;
				SWIFT_OPTIMIZATION_LEVEL = "-Onone";
			};
			name = Debug;
		};
		F40BDD661E67DAB0005DD81F /* Release */ = {
			isa = XCBuildConfiguration;
			buildSettings = {
				ALWAYS_SEARCH_USER_PATHS = NO;
				CLANG_ANALYZER_NONNULL = YES;
				CLANG_CXX_LANGUAGE_STANDARD = "gnu++0x";
				CLANG_CXX_LIBRARY = "libc++";
				CLANG_ENABLE_MODULES = YES;
				CLANG_ENABLE_OBJC_ARC = YES;
				CLANG_WARN_BOOL_CONVERSION = YES;
				CLANG_WARN_CONSTANT_CONVERSION = YES;
				CLANG_WARN_DIRECT_OBJC_ISA_USAGE = YES_ERROR;
				CLANG_WARN_DOCUMENTATION_COMMENTS = YES;
				CLANG_WARN_EMPTY_BODY = YES;
				CLANG_WARN_ENUM_CONVERSION = YES;
				CLANG_WARN_INFINITE_RECURSION = YES;
				CLANG_WARN_INT_CONVERSION = YES;
				CLANG_WARN_OBJC_ROOT_CLASS = YES_ERROR;
				CLANG_WARN_SUSPICIOUS_MOVE = YES;
				CLANG_WARN_UNREACHABLE_CODE = YES;
				CLANG_WARN__DUPLICATE_METHOD_MATCH = YES;
				"CODE_SIGN_IDENTITY[sdk=iphoneos*]" = "iPhone Developer";
				COPY_PHASE_STRIP = NO;
				DEBUG_INFORMATION_FORMAT = "dwarf-with-dsym";
				ENABLE_NS_ASSERTIONS = NO;
				ENABLE_STRICT_OBJC_MSGSEND = YES;
				GCC_C_LANGUAGE_STANDARD = gnu99;
				GCC_NO_COMMON_BLOCKS = YES;
				GCC_WARN_64_TO_32_BIT_CONVERSION = YES;
				GCC_WARN_ABOUT_RETURN_TYPE = YES_ERROR;
				GCC_WARN_UNDECLARED_SELECTOR = YES;
				GCC_WARN_UNINITIALIZED_AUTOS = YES_AGGRESSIVE;
				GCC_WARN_UNUSED_FUNCTION = YES;
				GCC_WARN_UNUSED_VARIABLE = YES;
				IPHONEOS_DEPLOYMENT_TARGET = 10.2;
				MTL_ENABLE_DEBUG_INFO = NO;
				SDKROOT = iphoneos;
				SWIFT_OPTIMIZATION_LEVEL = "-Owholemodule";
				VALIDATE_PRODUCT = YES;
			};
			name = Release;
		};
		F40BDD681E67DAB0005DD81F /* Debug */ = {
			isa = XCBuildConfiguration;
			buildSettings = {
				ASSETCATALOG_COMPILER_APPICON_NAME = AppIcon;
				INFOPLIST_FILE = MixpanelDemo/Info.plist;
				LD_RUNPATH_SEARCH_PATHS = "$(inherited) @executable_path/Frameworks";
				PRODUCT_BUNDLE_IDENTIFIER = com.appcoda.MixpanelDemo;
				PRODUCT_NAME = "$(TARGET_NAME)";
				SWIFT_VERSION = 3.0;
			};
			name = Debug;
		};
		F40BDD691E67DAB0005DD81F /* Release */ = {
			isa = XCBuildConfiguration;
			buildSettings = {
				ASSETCATALOG_COMPILER_APPICON_NAME = AppIcon;
				INFOPLIST_FILE = MixpanelDemo/Info.plist;
				LD_RUNPATH_SEARCH_PATHS = "$(inherited) @executable_path/Frameworks";
				PRODUCT_BUNDLE_IDENTIFIER = com.appcoda.MixpanelDemo;
				PRODUCT_NAME = "$(TARGET_NAME)";
				SWIFT_VERSION = 3.0;
			};
			name = Release;
		};
/* End XCBuildConfiguration section */

/* Begin XCConfigurationList section */
		F40BDD501E67DAAF005DD81F /* Build configuration list for PBXProject "MixpanelDemo" */ = {
			isa = XCConfigurationList;
			buildConfigurations = (
				F40BDD651E67DAB0005DD81F /* Debug */,
				F40BDD661E67DAB0005DD81F /* Release */,
			);
			defaultConfigurationIsVisible = 0;
			defaultConfigurationName = Release;
		};
		F40BDD671E67DAB0005DD81F /* Build configuration list for PBXNativeTarget "MixpanelDemo" */ = {
			isa = XCConfigurationList;
			buildConfigurations = (
				F40BDD681E67DAB0005DD81F /* Debug */,
				F40BDD691E67DAB0005DD81F /* Release */,
			);
			defaultConfigurationIsVisible = 0;
		};
/* End XCConfigurationList section */
	};
	rootObject = F40BDD4D1E67DAAF005DD81F /* Project object */;
}
